{
  "name": "pos-frontend",
  "lockfileVersion": 3,
  "requires": true,
  "packages": {
    "": {
      "dependencies": {
        "qz-tray": "^2.2.5"
      }
    },
    "node_modules/qz-tray": {
      "version": "2.2.5",
      "resolved": "https://registry.npmjs.org/qz-tray/-/qz-tray-2.2.5.tgz",
      "integrity": "sha512-ZPdjFLX1K9j+9v49ertN/QABBhPjUQLQSAQLkSWBrkHLpSv7/rTLLx0NcNMAquCq+WV7Ep4Aw00NJOXMQuMXOA==",
      "license": "LGPL-2.1"
    }
  }
}
